// !$*UTF8*$!
{
	archiveVersion = 1;
	classes = {
	};
	objectVersion = 56;
	objects = {

/* Begin PBXBuildFile section */
		009BDBDC29DC4DC100D0DEEE /* VK_SwiftUIApp.swift in Sources */ = {isa = PBXBuildFile; fileRef = 009BDBDB29DC4DC100D0DEEE /* VK_SwiftUIApp.swift */; };
		009BDBDE29DC4DC100D0DEEE /* ContentView.swift in Sources */ = {isa = PBXBuildFile; fileRef = 009BDBDD29DC4DC100D0DEEE /* ContentView.swift */; };
		009BDBE029DC4DC300D0DEEE /* Assets.xcassets in Resources */ = {isa = PBXBuildFile; fileRef = 009BDBDF29DC4DC300D0DEEE /* Assets.xcassets */; };
		009BDBE329DC4DC300D0DEEE /* Preview Assets.xcassets in Resources */ = {isa = PBXBuildFile; fileRef = 009BDBE229DC4DC300D0DEEE /* Preview Assets.xcassets */; };
		009BDBEB29DC881000D0DEEE /* User.swift in Sources */ = {isa = PBXBuildFile; fileRef = 009BDBEA29DC881000D0DEEE /* User.swift */; };
		009BDBEE29DC88B400D0DEEE /* APIService.swift in Sources */ = {isa = PBXBuildFile; fileRef = 009BDBED29DC88B400D0DEEE /* APIService.swift */; };
		009BDBF029DC8A3900D0DEEE /* Extension.swift in Sources */ = {isa = PBXBuildFile; fileRef = 009BDBEF29DC8A3900D0DEEE /* Extension.swift */; };
		009BDBF229DC8AE800D0DEEE /* LoginViewModel.swift in Sources */ = {isa = PBXBuildFile; fileRef = 009BDBF129DC8AE800D0DEEE /* LoginViewModel.swift */; };
		009BDBF429DC8ECB00D0DEEE /* LoginView.swift in Sources */ = {isa = PBXBuildFile; fileRef = 009BDBF329DC8ECA00D0DEEE /* LoginView.swift */; };
		009BDBF629DD44EB00D0DEEE /* ScreenView.swift in Sources */ = {isa = PBXBuildFile; fileRef = 009BDBF529DD44EB00D0DEEE /* ScreenView.swift */; };
		009BDBF829DD488400D0DEEE /* LogoView.swift in Sources */ = {isa = PBXBuildFile; fileRef = 009BDBF729DD488400D0DEEE /* LogoView.swift */; };
		009BDBFB29DD6BA600D0DEEE /* Authentication.swift in Sources */ = {isa = PBXBuildFile; fileRef = 009BDBFA29DD6BA600D0DEEE /* Authentication.swift */; };
/* End PBXBuildFile section */

/* Begin PBXFileReference section */
		009BDBD829DC4DC100D0DEEE /* VK_SwiftUI.app */ = {isa = PBXFileReference; explicitFileType = wrapper.application; includeInIndex = 0; path = VK_SwiftUI.app; sourceTree = BUILT_PRODUCTS_DIR; };
		009BDBDB29DC4DC100D0DEEE /* VK_SwiftUIApp.swift */ = {isa = PBXFileReference; lastKnownFileType = sourcecode.swift; path = VK_SwiftUIApp.swift; sourceTree = "<group>"; };
		009BDBDD29DC4DC100D0DEEE /* ContentView.swift */ = {isa = PBXFileReference; lastKnownFileType = sourcecode.swift; path = ContentView.swift; sourceTree = "<group>"; };
		009BDBDF29DC4DC300D0DEEE /* Assets.xcassets */ = {isa = PBXFileReference; lastKnownFileType = folder.assetcatalog; path = Assets.xcassets; sourceTree = "<group>"; };
		009BDBE229DC4DC300D0DEEE /* Preview Assets.xcassets */ = {isa = PBXFileReference; lastKnownFileType = folder.assetcatalog; path = "Preview Assets.xcassets"; sourceTree = "<group>"; };
		009BDBEA29DC881000D0DEEE /* User.swift */ = {isa = PBXFileReference; lastKnownFileType = sourcecode.swift; path = User.swift; sourceTree = "<group>"; };
		009BDBED29DC88B400D0DEEE /* APIService.swift */ = {isa = PBXFileReference; lastKnownFileType = sourcecode.swift; path = APIService.swift; sourceTree = "<group>"; };
		009BDBEF29DC8A3900D0DEEE /* Extension.swift */ = {isa = PBXFileReference; lastKnownFileType = sourcecode.swift; path = Extension.swift; sourceTree = "<group>"; };
		009BDBF129DC8AE800D0DEEE /* LoginViewModel.swift */ = {isa = PBXFileReference; lastKnownFileType = sourcecode.swift; path = LoginViewModel.swift; sourceTree = "<group>"; };
		009BDBF329DC8ECA00D0DEEE /* LoginView.swift */ = {isa = PBXFileReference; lastKnownFileType = sourcecode.swift; path = LoginView.swift; sourceTree = "<group>"; };
		009BDBF529DD44EB00D0DEEE /* ScreenView.swift */ = {isa = PBXFileReference; lastKnownFileType = sourcecode.swift; path = ScreenView.swift; sourceTree = "<group>"; };
		009BDBF729DD488400D0DEEE /* LogoView.swift */ = {isa = PBXFileReference; lastKnownFileType = sourcecode.swift; path = LogoView.swift; sourceTree = "<group>"; };
		009BDBFA29DD6BA600D0DEEE /* Authentication.swift */ = {isa = PBXFileReference; lastKnownFileType = sourcecode.swift; path = Authentication.swift; sourceTree = "<group>"; };
/* End PBXFileReference section */

/* Begin PBXFrameworksBuildPhase section */
		009BDBD529DC4DC100D0DEEE /* Frameworks */ = {
			isa = PBXFrameworksBuildPhase;
			buildActionMask = 2147483647;
			files = (
			);
			runOnlyForDeploymentPostprocessing = 0;
		};
/* End PBXFrameworksBuildPhase section */

/* Begin PBXGroup section */
		009BDBCF29DC4DC100D0DEEE = {
			isa = PBXGroup;
			children = (
				009BDBDA29DC4DC100D0DEEE /* VK_SwiftUI */,
				009BDBD929DC4DC100D0DEEE /* Products */,
			);
			sourceTree = "<group>";
		};
		009BDBD929DC4DC100D0DEEE /* Products */ = {
			isa = PBXGroup;
			children = (
				009BDBD829DC4DC100D0DEEE /* VK_SwiftUI.app */,
			);
			name = Products;
			sourceTree = "<group>";
		};
		009BDBDA29DC4DC100D0DEEE /* VK_SwiftUI */ = {
			isa = PBXGroup;
			children = (
				009BDBDB29DC4DC100D0DEEE /* VK_SwiftUIApp.swift */,
				009BDBFA29DD6BA600D0DEEE /* Authentication.swift */,
				009BDBFC29DD6BC900D0DEEE /* View */,
				009BDBE929DC87F500D0DEEE /* Model */,
				009BDBEC29DC886400D0DEEE /* Service */,
				009BDBDF29DC4DC300D0DEEE /* Assets.xcassets */,
				009BDBE129DC4DC300D0DEEE /* Preview Content */,
			);
			path = VK_SwiftUI;
			sourceTree = "<group>";
		};
		009BDBE129DC4DC300D0DEEE /* Preview Content */ = {
			isa = PBXGroup;
			children = (
				009BDBE229DC4DC300D0DEEE /* Preview Assets.xcassets */,
			);
			path = "Preview Content";
			sourceTree = "<group>";
		};
		009BDBE929DC87F500D0DEEE /* Model */ = {
			isa = PBXGroup;
			children = (
				009BDBEA29DC881000D0DEEE /* User.swift */,
				009BDBF129DC8AE800D0DEEE /* LoginViewModel.swift */,
			);
			path = Model;
			sourceTree = "<group>";
		};
		009BDBEC29DC886400D0DEEE /* Service */ = {
			isa = PBXGroup;
			children = (
				009BDBED29DC88B400D0DEEE /* APIService.swift */,
				009BDBEF29DC8A3900D0DEEE /* Extension.swift */,
			);
			path = Service;
			sourceTree = "<group>";
		};
		009BDBFC29DD6BC900D0DEEE /* View */ = {
			isa = PBXGroup;
			children = (
				009BDBDD29DC4DC100D0DEEE /* ContentView.swift */,
				009BDBF329DC8ECA00D0DEEE /* LoginView.swift */,
				009BDBF529DD44EB00D0DEEE /* ScreenView.swift */,
				009BDBF729DD488400D0DEEE /* LogoView.swift */,
			);
			path = View;
			sourceTree = "<group>";
		};
/* End PBXGroup section */

/* Begin PBXNativeTarget section */
		009BDBD729DC4DC100D0DEEE /* VK_SwiftUI */ = {
			isa = PBXNativeTarget;
			buildConfigurationList = 009BDBE629DC4DC300D0DEEE /* Build configuration list for PBXNativeTarget "VK_SwiftUI" */;
			buildPhases = (
				009BDBD429DC4DC100D0DEEE /* Sources */,
				009BDBD529DC4DC100D0DEEE /* Frameworks */,
				009BDBD629DC4DC100D0DEEE /* Resources */,
			);
			buildRules = (
			);
			dependencies = (
			);
			name = VK_SwiftUI;
			productName = Weather_SwiftUI;
			productReference = 009BDBD829DC4DC100D0DEEE /* VK_SwiftUI.app */;
			productType = "com.apple.product-type.application";
		};
/* End PBXNativeTarget section */

/* Begin PBXProject section */
		009BDBD029DC4DC100D0DEEE /* Project object */ = {
			isa = PBXProject;
			attributes = {
				BuildIndependentTargetsInParallel = 1;
				LastSwiftUpdateCheck = 1430;
				LastUpgradeCheck = 1430;
				TargetAttributes = {
					009BDBD729DC4DC100D0DEEE = {
						CreatedOnToolsVersion = 14.3;
					};
				};
			};
			buildConfigurationList = 009BDBD329DC4DC100D0DEEE /* Build configuration list for PBXProject "VK_SwiftUI" */;
			compatibilityVersion = "Xcode 14.0";
			developmentRegion = en;
			hasScannedForEncodings = 0;
			knownRegions = (
				en,
				Base,
			);
			mainGroup = 009BDBCF29DC4DC100D0DEEE;
			productRefGroup = 009BDBD929DC4DC100D0DEEE /* Products */;
			projectDirPath = "";
			projectRoot = "";
			targets = (
				009BDBD729DC4DC100D0DEEE /* VK_SwiftUI */,
			);
		};
/* End PBXProject section */

/* Begin PBXResourcesBuildPhase section */
		009BDBD629DC4DC100D0DEEE /* Resources */ = {
			isa = PBXResourcesBuildPhase;
			buildActionMask = 2147483647;
			files = (
				009BDBE329DC4DC300D0DEEE /* Preview Assets.xcassets in Resources */,
				009BDBE029DC4DC300D0DEEE /* Assets.xcassets in Resources */,
			);
			runOnlyForDeploymentPostprocessing = 0;
		};
/* End PBXResourcesBuildPhase section */

/* Begin PBXSourcesBuildPhase section */
		009BDBD429DC4DC100D0DEEE /* Sources */ = {
			isa = PBXSourcesBuildPhase;
			buildActionMask = 2147483647;
			files = (
				009BDBF029DC8A3900D0DEEE /* Extension.swift in Sources */,
				009BDBF829DD488400D0DEEE /* LogoView.swift in Sources */,
				009BDBF429DC8ECB00D0DEEE /* LoginView.swift in Sources */,
				009BDBFB29DD6BA600D0DEEE /* Authentication.swift in Sources */,
				009BDBDE29DC4DC100D0DEEE /* ContentView.swift in Sources */,
				009BDBF229DC8AE800D0DEEE /* LoginViewModel.swift in Sources */,
				009BDBDC29DC4DC100D0DEEE /* VK_SwiftUIApp.swift in Sources */,
				009BDBEE29DC88B400D0DEEE /* APIService.swift in Sources */,
				009BDBF629DD44EB00D0DEEE /* ScreenView.swift in Sources */,
				009BDBEB29DC881000D0DEEE /* User.swift in Sources */,
			);
			runOnlyForDeploymentPostprocessing = 0;
		};
/* End PBXSourcesBuildPhase section */

/* Begin XCBuildConfiguration section */
		009BDBE429DC4DC300D0DEEE /* Debug */ = {
			isa = XCBuildConfiguration;
			buildSettings = {
				ALWAYS_SEARCH_USER_PATHS = NO;
				CLANG_ANALYZER_NONNULL = YES;
				CLANG_ANALYZER_NUMBER_OBJECT_CONVERSION = YES_AGGRESSIVE;
				CLANG_CXX_LANGUAGE_STANDARD = "gnu++20";
				CLANG_ENABLE_MODULES = YES;
				CLANG_ENABLE_OBJC_ARC = YES;
				CLANG_ENABLE_OBJC_WEAK = YES;
				CLANG_WARN_BLOCK_CAPTURE_AUTORELEASING = YES;
				CLANG_WARN_BOOL_CONVERSION = YES;
				CLANG_WARN_COMMA = YES;
				CLANG_WARN_CONSTANT_CONVERSION = YES;
				CLANG_WARN_DEPRECATED_OBJC_IMPLEMENTATIONS = YES;
				CLANG_WARN_DIRECT_OBJC_ISA_USAGE = YES_ERROR;
				CLANG_WARN_DOCUMENTATION_COMMENTS = YES;
				CLANG_WARN_EMPTY_BODY = YES;
				CLANG_WARN_ENUM_CONVERSION = YES;
				CLANG_WARN_INFINITE_RECURSION = YES;
				CLANG_WARN_INT_CONVERSION = YES;
				CLANG_WARN_NON_LITERAL_NULL_CONVERSION = YES;
				CLANG_WARN_OBJC_IMPLICIT_RETAIN_SELF = YES;
				CLANG_WARN_OBJC_LITERAL_CONVERSION = YES;
				CLANG_WARN_OBJC_ROOT_CLASS = YES_ERROR;
				CLANG_WARN_QUOTED_INCLUDE_IN_FRAMEWORK_HEADER = YES;
				CLANG_WARN_RANGE_LOOP_ANALYSIS = YES;
				CLANG_WARN_STRICT_PROTOTYPES = YES;
				CLANG_WARN_SUSPICIOUS_MOVE = YES;
				CLANG_WARN_UNGUARDED_AVAILABILITY = YES_AGGRESSIVE;
				CLANG_WARN_UNREACHABLE_CODE = YES;
				CLANG_WARN__DUPLICATE_METHOD_MATCH = YES;
				COPY_PHASE_STRIP = NO;
				DEBUG_INFORMATION_FORMAT = dwarf;
				ENABLE_STRICT_OBJC_MSGSEND = YES;
				ENABLE_TESTABILITY = YES;
				GCC_C_LANGUAGE_STANDARD = gnu11;
				GCC_DYNAMIC_NO_PIC = NO;
				GCC_NO_COMMON_BLOCKS = YES;
				GCC_OPTIMIZATION_LEVEL = 0;
				GCC_PREPROCESSOR_DEFINITIONS = (
					"DEBUG=1",
					"$(inherited)",
				);
				GCC_WARN_64_TO_32_BIT_CONVERSION = YES;
				GCC_WARN_ABOUT_RETURN_TYPE = YES_ERROR;
				GCC_WARN_UNDECLARED_SELECTOR = YES;
				GCC_WARN_UNINITIALIZED_AUTOS = YES_AGGRESSIVE;
				GCC_WARN_UNUSED_FUNCTION = YES;
				GCC_WARN_UNUSED_VARIABLE = YES;
				IPHONEOS_DEPLOYMENT_TARGET = 16.4;
				MTL_ENABLE_DEBUG_INFO = INCLUDE_SOURCE;
				MTL_FAST_MATH = YES;
				ONLY_ACTIVE_ARCH = YES;
				SDKROOT = iphoneos;
				SWIFT_ACTIVE_COMPILATION_CONDITIONS = DEBUG;
				SWIFT_OPTIMIZATION_LEVEL = "-Onone";
			};
			name = Debug;
		};
		009BDBE529DC4DC300D0DEEE /* Release */ = {
			isa = XCBuildConfiguration;
			buildSettings = {
				ALWAYS_SEARCH_USER_PATHS = NO;
				CLANG_ANALYZER_NONNULL = YES;
				CLANG_ANALYZER_NUMBER_OBJECT_CONVERSION = YES_AGGRESSIVE;
				CLANG_CXX_LANGUAGE_STANDARD = "gnu++20";
				CLANG_ENABLE_MODULES = YES;
				CLANG_ENABLE_OBJC_ARC = YES;
				CLANG_ENABLE_OBJC_WEAK = YES;
				CLANG_WARN_BLOCK_CAPTURE_AUTORELEASING = YES;
				CLANG_WARN_BOOL_CONVERSION = YES;
				CLANG_WARN_COMMA = YES;
				CLANG_WARN_CONSTANT_CONVERSION = YES;
				CLANG_WARN_DEPRECATED_OBJC_IMPLEMENTATIONS = YES;
				CLANG_WARN_DIRECT_OBJC_ISA_USAGE = YES_ERROR;
				CLANG_WARN_DOCUMENTATION_COMMENTS = YES;
				CLANG_WARN_EMPTY_BODY = YES;
				CLANG_WARN_ENUM_CONVERSION = YES;
				CLANG_WARN_INFINITE_RECURSION = YES;
				CLANG_WARN_INT_CONVERSION = YES;
				CLANG_WARN_NON_LITERAL_NULL_CONVERSION = YES;
				CLANG_WARN_OBJC_IMPLICIT_RETAIN_SELF = YES;
				CLANG_WARN_OBJC_LITERAL_CONVERSION = YES;
				CLANG_WARN_OBJC_ROOT_CLASS = YES_ERROR;
				CLANG_WARN_QUOTED_INCLUDE_IN_FRAMEWORK_HEADER = YES;
				CLANG_WARN_RANGE_LOOP_ANALYSIS = YES;
				CLANG_WARN_STRICT_PROTOTYPES = YES;
				CLANG_WARN_SUSPICIOUS_MOVE = YES;
				CLANG_WARN_UNGUARDED_AVAILABILITY = YES_AGGRESSIVE;
				CLANG_WARN_UNREACHABLE_CODE = YES;
				CLANG_WARN__DUPLICATE_METHOD_MATCH = YES;
				COPY_PHASE_STRIP = NO;
				DEBUG_INFORMATION_FORMAT = "dwarf-with-dsym";
				ENABLE_NS_ASSERTIONS = NO;
				ENABLE_STRICT_OBJC_MSGSEND = YES;
				GCC_C_LANGUAGE_STANDARD = gnu11;
				GCC_NO_COMMON_BLOCKS = YES;
				GCC_WARN_64_TO_32_BIT_CONVERSION = YES;
				GCC_WARN_ABOUT_RETURN_TYPE = YES_ERROR;
				GCC_WARN_UNDECLARED_SELECTOR = YES;
				GCC_WARN_UNINITIALIZED_AUTOS = YES_AGGRESSIVE;
				GCC_WARN_UNUSED_FUNCTION = YES;
				GCC_WARN_UNUSED_VARIABLE = YES;
				IPHONEOS_DEPLOYMENT_TARGET = 16.4;
				MTL_ENABLE_DEBUG_INFO = NO;
				MTL_FAST_MATH = YES;
				SDKROOT = iphoneos;
				SWIFT_COMPILATION_MODE = wholemodule;
				SWIFT_OPTIMIZATION_LEVEL = "-O";
				VALIDATE_PRODUCT = YES;
			};
			name = Release;
		};
		009BDBE729DC4DC300D0DEEE /* Debug */ = {
			isa = XCBuildConfiguration;
			buildSettings = {
				ASSETCATALOG_COMPILER_APPICON_NAME = AppIcon;
				ASSETCATALOG_COMPILER_GLOBAL_ACCENT_COLOR_NAME = AccentColor;
				CODE_SIGN_STYLE = Automatic;
				CURRENT_PROJECT_VERSION = 1;
				DEVELOPMENT_ASSET_PATHS = "\"VK_SwiftUI/Preview Content\"";
				DEVELOPMENT_TEAM = LFLMJ46Z7V;
				ENABLE_PREVIEWS = YES;
				GENERATE_INFOPLIST_FILE = YES;
				INFOPLIST_KEY_UIApplicationSceneManifest_Generation = YES;
				INFOPLIST_KEY_UIApplicationSupportsIndirectInputEvents = YES;
				INFOPLIST_KEY_UILaunchScreen_Generation = YES;
				INFOPLIST_KEY_UISupportedInterfaceOrientations_iPad = "UIInterfaceOrientationPortrait UIInterfaceOrientationPortraitUpsideDown UIInterfaceOrientationLandscapeLeft UIInterfaceOrientationLandscapeRight";
				INFOPLIST_KEY_UISupportedInterfaceOrientations_iPhone = "UIInterfaceOrientationPortrait UIInterfaceOrientationLandscapeLeft UIInterfaceOrientationLandscapeRight";
				LD_RUNPATH_SEARCH_PATHS = (
					"$(inherited)",
					"@executable_path/Frameworks",
				);
				MARKETING_VERSION = 1.0;
				PRODUCT_BUNDLE_IDENTIFIER = "com.app.Weather-SwiftUI";
				PRODUCT_NAME = "$(TARGET_NAME)";
				SWIFT_EMIT_LOC_STRINGS = YES;
				SWIFT_VERSION = 5.0;
				TARGETED_DEVICE_FAMILY = "1,2";
			};
			name = Debug;
		};
		009BDBE829DC4DC300D0DEEE /* Release */ = {
			isa = XCBuildConfiguration;
			buildSettings = {
				ASSETCATALOG_COMPILER_APPICON_NAME = AppIcon;
				ASSETCATALOG_COMPILER_GLOBAL_ACCENT_COLOR_NAME = AccentColor;
				CODE_SIGN_STYLE = Automatic;
				CURRENT_PROJECT_VERSION = 1;
				DEVELOPMENT_ASSET_PATHS = "\"VK_SwiftUI/Preview Content\"";
				DEVELOPMENT_TEAM = LFLMJ46Z7V;
				ENABLE_PREVIEWS = YES;
				GENERATE_INFOPLIST_FILE = YES;
				INFOPLIST_KEY_UIApplicationSceneManifest_Generation = YES;
				INFOPLIST_KEY_UIApplicationSupportsIndirectInputEvents = YES;
				INFOPLIST_KEY_UILaunchScreen_Generation = YES;
				INFOPLIST_KEY_UISupportedInterfaceOrientations_iPad = "UIInterfaceOrientationPortrait UIInterfaceOrientationPortraitUpsideDown UIInterfaceOrientationLandscapeLeft UIInterfaceOrientationLandscapeRight";
				INFOPLIST_KEY_UISupportedInterfaceOrientations_iPhone = "UIInterfaceOrientationPortrait UIInterfaceOrientationLandscapeLeft UIInterfaceOrientationLandscapeRight";
				LD_RUNPATH_SEARCH_PATHS = (
					"$(inherited)",
					"@executable_path/Frameworks",
				);
				MARKETING_VERSION = 1.0;
				PRODUCT_BUNDLE_IDENTIFIER = "com.app.Weather-SwiftUI";
				PRODUCT_NAME = "$(TARGET_NAME)";
				SWIFT_EMIT_LOC_STRINGS = YES;
				SWIFT_VERSION = 5.0;
				TARGETED_DEVICE_FAMILY = "1,2";
			};
			name = Release;
		};
/* End XCBuildConfiguration section */

/* Begin XCConfigurationList section */
		009BDBD329DC4DC100D0DEEE /* Build configuration list for PBXProject "VK_SwiftUI" */ = {
			isa = XCConfigurationList;
			buildConfigurations = (
				009BDBE429DC4DC300D0DEEE /* Debug */,
				009BDBE529DC4DC300D0DEEE /* Release */,
			);
			defaultConfigurationIsVisible = 0;
			defaultConfigurationName = Release;
		};
		009BDBE629DC4DC300D0DEEE /* Build configuration list for PBXNativeTarget "VK_SwiftUI" */ = {
			isa = XCConfigurationList;
			buildConfigurations = (
				009BDBE729DC4DC300D0DEEE /* Debug */,
				009BDBE829DC4DC300D0DEEE /* Release */,
			);
			defaultConfigurationIsVisible = 0;
			defaultConfigurationName = Release;
		};
/* End XCConfigurationList section */
	};
	rootObject = 009BDBD029DC4DC100D0DEEE /* Project object */;
}
