// !$*UTF8*$!
{
	archiveVersion = 1;
	classes = {
	};
	objectVersion = 56;
	objects = {

/* Begin PBXBuildFile section */
		0062F20329E44E1800E29A3E /* Image.swift in Sources */ = {isa = PBXBuildFile; fileRef = 0062F20229E44E1800E29A3E /* Image.swift */; };
		009BDBDC29DC4DC100D0DEEE /* VK_SwiftUIApp.swift in Sources */ = {isa = PBXBuildFile; fileRef = 009BDBDB29DC4DC100D0DEEE /* VK_SwiftUIApp.swift */; };
		009BDBDE29DC4DC100D0DEEE /* ContentView.swift in Sources */ = {isa = PBXBuildFile; fileRef = 009BDBDD29DC4DC100D0DEEE /* ContentView.swift */; };
		009BDBE029DC4DC300D0DEEE /* Assets.xcassets in Resources */ = {isa = PBXBuildFile; fileRef = 009BDBDF29DC4DC300D0DEEE /* Assets.xcassets */; };
		009BDBE329DC4DC300D0DEEE /* Preview Assets.xcassets in Resources */ = {isa = PBXBuildFile; fileRef = 009BDBE229DC4DC300D0DEEE /* Preview Assets.xcassets */; };
		009BDBEB29DC881000D0DEEE /* User.swift in Sources */ = {isa = PBXBuildFile; fileRef = 009BDBEA29DC881000D0DEEE /* User.swift */; };
		009BDBEE29DC88B400D0DEEE /* APIService.swift in Sources */ = {isa = PBXBuildFile; fileRef = 009BDBED29DC88B400D0DEEE /* APIService.swift */; };
		009BDBF029DC8A3900D0DEEE /* UIApplication.swift in Sources */ = {isa = PBXBuildFile; fileRef = 009BDBEF29DC8A3900D0DEEE /* UIApplication.swift */; };
		009BDBF229DC8AE800D0DEEE /* LoginModel.swift in Sources */ = {isa = PBXBuildFile; fileRef = 009BDBF129DC8AE800D0DEEE /* LoginModel.swift */; };
		009BDBF429DC8ECB00D0DEEE /* LoginView.swift in Sources */ = {isa = PBXBuildFile; fileRef = 009BDBF329DC8ECA00D0DEEE /* LoginView.swift */; };
		009BDBF829DD488400D0DEEE /* LogoView.swift in Sources */ = {isa = PBXBuildFile; fileRef = 009BDBF729DD488400D0DEEE /* LogoView.swift */; };
		009BDBFB29DD6BA600D0DEEE /* Authentication.swift in Sources */ = {isa = PBXBuildFile; fileRef = 009BDBFA29DD6BA600D0DEEE /* Authentication.swift */; };
		00C649C429E40DD100CC8E93 /* TableNewsWithText.swift in Sources */ = {isa = PBXBuildFile; fileRef = 00C649C329E40DD100CC8E93 /* TableNewsWithText.swift */; };
		00C649C829E40E5E00CC8E93 /* NewsTableView.swift in Sources */ = {isa = PBXBuildFile; fileRef = 00C649C729E40E5E00CC8E93 /* NewsTableView.swift */; };
		00C649CC29E4199A00CC8E93 /* News.swift in Sources */ = {isa = PBXBuildFile; fileRef = 00C649CB29E4199A00CC8E93 /* News.swift */; };
		00C649D029E424BC00CC8E93 /* UserHeader.swift in Sources */ = {isa = PBXBuildFile; fileRef = 00C649CF29E424BC00CC8E93 /* UserHeader.swift */; };
		00C649D229E4314A00CC8E93 /* NewsArray.swift in Sources */ = {isa = PBXBuildFile; fileRef = 00C649D129E4314A00CC8E93 /* NewsArray.swift */; };
		00E37CB529E6CF0E004E8C49 /* FriendTableView.swift in Sources */ = {isa = PBXBuildFile; fileRef = 00E37CB429E6CF0E004E8C49 /* FriendTableView.swift */; };
		00E37CB729E6CF20004E8C49 /* GroupTableView.swift in Sources */ = {isa = PBXBuildFile; fileRef = 00E37CB629E6CF20004E8C49 /* GroupTableView.swift */; };
		00E37CB929E6CF7A004E8C49 /* Friend.swift in Sources */ = {isa = PBXBuildFile; fileRef = 00E37CB829E6CF7A004E8C49 /* Friend.swift */; };
		00E37CBB29E6CFC5004E8C49 /* Group.swift in Sources */ = {isa = PBXBuildFile; fileRef = 00E37CBA29E6CFC5004E8C49 /* Group.swift */; };
		00E37CBE29E6D136004E8C49 /* FriendArray.swift in Sources */ = {isa = PBXBuildFile; fileRef = 00E37CBD29E6D136004E8C49 /* FriendArray.swift */; };
		00E37CC029E6D507004E8C49 /* GroupArray.swift in Sources */ = {isa = PBXBuildFile; fileRef = 00E37CBF29E6D507004E8C49 /* GroupArray.swift */; };
		00E37CC529E6D8A1004E8C49 /* GroupTableCell.swift in Sources */ = {isa = PBXBuildFile; fileRef = 00E37CC429E6D8A1004E8C49 /* GroupTableCell.swift */; };
		00E37CC729E6D8BD004E8C49 /* FriendTableCell.swift in Sources */ = {isa = PBXBuildFile; fileRef = 00E37CC629E6D8BD004E8C49 /* FriendTableCell.swift */; };
		00E37CCA29E6DBE8004E8C49 /* CustomTabBar.swift in Sources */ = {isa = PBXBuildFile; fileRef = 00E37CC929E6DBE8004E8C49 /* CustomTabBar.swift */; };
		00E37CCC29E6DCC5004E8C49 /* Tab.swift in Sources */ = {isa = PBXBuildFile; fileRef = 00E37CCB29E6DCC5004E8C49 /* Tab.swift */; };
		00E37CEF29E7F403004E8C49 /* CollectionViewCell.swift in Sources */ = {isa = PBXBuildFile; fileRef = 00E37CEE29E7F403004E8C49 /* CollectionViewCell.swift */; };
/* End PBXBuildFile section */

/* Begin PBXFileReference section */
		0062F20229E44E1800E29A3E /* Image.swift */ = {isa = PBXFileReference; lastKnownFileType = sourcecode.swift; path = Image.swift; sourceTree = "<group>"; };
		009BDBD829DC4DC100D0DEEE /* VK_SwiftUI.app */ = {isa = PBXFileReference; explicitFileType = wrapper.application; includeInIndex = 0; path = VK_SwiftUI.app; sourceTree = BUILT_PRODUCTS_DIR; };
		009BDBDB29DC4DC100D0DEEE /* VK_SwiftUIApp.swift */ = {isa = PBXFileReference; lastKnownFileType = sourcecode.swift; path = VK_SwiftUIApp.swift; sourceTree = "<group>"; };
		009BDBDD29DC4DC100D0DEEE /* ContentView.swift */ = {isa = PBXFileReference; lastKnownFileType = sourcecode.swift; path = ContentView.swift; sourceTree = "<group>"; };
		009BDBDF29DC4DC300D0DEEE /* Assets.xcassets */ = {isa = PBXFileReference; lastKnownFileType = folder.assetcatalog; path = Assets.xcassets; sourceTree = "<group>"; };
		009BDBE229DC4DC300D0DEEE /* Preview Assets.xcassets */ = {isa = PBXFileReference; lastKnownFileType = folder.assetcatalog; path = "Preview Assets.xcassets"; sourceTree = "<group>"; };
		009BDBEA29DC881000D0DEEE /* User.swift */ = {isa = PBXFileReference; lastKnownFileType = sourcecode.swift; path = User.swift; sourceTree = "<group>"; };
		009BDBED29DC88B400D0DEEE /* APIService.swift */ = {isa = PBXFileReference; lastKnownFileType = sourcecode.swift; path = APIService.swift; sourceTree = "<group>"; };
		009BDBEF29DC8A3900D0DEEE /* UIApplication.swift */ = {isa = PBXFileReference; lastKnownFileType = sourcecode.swift; path = UIApplication.swift; sourceTree = "<group>"; };
		009BDBF129DC8AE800D0DEEE /* LoginModel.swift */ = {isa = PBXFileReference; lastKnownFileType = sourcecode.swift; path = LoginModel.swift; sourceTree = "<group>"; };
		009BDBF329DC8ECA00D0DEEE /* LoginView.swift */ = {isa = PBXFileReference; lastKnownFileType = sourcecode.swift; path = LoginView.swift; sourceTree = "<group>"; };
		009BDBF729DD488400D0DEEE /* LogoView.swift */ = {isa = PBXFileReference; lastKnownFileType = sourcecode.swift; path = LogoView.swift; sourceTree = "<group>"; };
		009BDBFA29DD6BA600D0DEEE /* Authentication.swift */ = {isa = PBXFileReference; lastKnownFileType = sourcecode.swift; path = Authentication.swift; sourceTree = "<group>"; };
		00C649C329E40DD100CC8E93 /* TableNewsWithText.swift */ = {isa = PBXFileReference; lastKnownFileType = sourcecode.swift; path = TableNewsWithText.swift; sourceTree = "<group>"; };
		00C649C729E40E5E00CC8E93 /* NewsTableView.swift */ = {isa = PBXFileReference; lastKnownFileType = sourcecode.swift; path = NewsTableView.swift; sourceTree = "<group>"; };
		00C649CB29E4199A00CC8E93 /* News.swift */ = {isa = PBXFileReference; lastKnownFileType = sourcecode.swift; path = News.swift; sourceTree = "<group>"; };
		00C649CF29E424BC00CC8E93 /* UserHeader.swift */ = {isa = PBXFileReference; lastKnownFileType = sourcecode.swift; path = UserHeader.swift; sourceTree = "<group>"; };
		00C649D129E4314A00CC8E93 /* NewsArray.swift */ = {isa = PBXFileReference; lastKnownFileType = sourcecode.swift; path = NewsArray.swift; sourceTree = "<group>"; };
		00E37CB429E6CF0E004E8C49 /* FriendTableView.swift */ = {isa = PBXFileReference; lastKnownFileType = sourcecode.swift; path = FriendTableView.swift; sourceTree = "<group>"; };
		00E37CB629E6CF20004E8C49 /* GroupTableView.swift */ = {isa = PBXFileReference; lastKnownFileType = sourcecode.swift; path = GroupTableView.swift; sourceTree = "<group>"; };
		00E37CB829E6CF7A004E8C49 /* Friend.swift */ = {isa = PBXFileReference; lastKnownFileType = sourcecode.swift; path = Friend.swift; sourceTree = "<group>"; };
		00E37CBA29E6CFC5004E8C49 /* Group.swift */ = {isa = PBXFileReference; lastKnownFileType = sourcecode.swift; path = Group.swift; sourceTree = "<group>"; };
		00E37CBD29E6D136004E8C49 /* FriendArray.swift */ = {isa = PBXFileReference; lastKnownFileType = sourcecode.swift; path = FriendArray.swift; sourceTree = "<group>"; };
		00E37CBF29E6D507004E8C49 /* GroupArray.swift */ = {isa = PBXFileReference; lastKnownFileType = sourcecode.swift; path = GroupArray.swift; sourceTree = "<group>"; };
		00E37CC429E6D8A1004E8C49 /* GroupTableCell.swift */ = {isa = PBXFileReference; lastKnownFileType = sourcecode.swift; path = GroupTableCell.swift; sourceTree = "<group>"; };
		00E37CC629E6D8BD004E8C49 /* FriendTableCell.swift */ = {isa = PBXFileReference; lastKnownFileType = sourcecode.swift; path = FriendTableCell.swift; sourceTree = "<group>"; };
		00E37CC929E6DBE8004E8C49 /* CustomTabBar.swift */ = {isa = PBXFileReference; lastKnownFileType = sourcecode.swift; path = CustomTabBar.swift; sourceTree = "<group>"; };
		00E37CCB29E6DCC5004E8C49 /* Tab.swift */ = {isa = PBXFileReference; lastKnownFileType = sourcecode.swift; path = Tab.swift; sourceTree = "<group>"; };
		00E37CEE29E7F403004E8C49 /* CollectionViewCell.swift */ = {isa = PBXFileReference; lastKnownFileType = sourcecode.swift; path = CollectionViewCell.swift; sourceTree = "<group>"; };
/* End PBXFileReference section */

/* Begin PBXFrameworksBuildPhase section */
		009BDBD529DC4DC100D0DEEE /* Frameworks */ = {
			isa = PBXFrameworksBuildPhase;
			buildActionMask = 2147483647;
			files = (
			);
			runOnlyForDeploymentPostprocessing = 0;
		};
/* End PBXFrameworksBuildPhase section */

/* Begin PBXGroup section */
		0062F20029E44DC900E29A3E /* Helper */ = {
			isa = PBXGroup;
			children = (
				0062F20129E44DDE00E29A3E /* Extension */,
			);
			path = Helper;
			sourceTree = "<group>";
		};
		0062F20129E44DDE00E29A3E /* Extension */ = {
			isa = PBXGroup;
			children = (
				009BDBEF29DC8A3900D0DEEE /* UIApplication.swift */,
				0062F20229E44E1800E29A3E /* Image.swift */,
			);
			path = Extension;
			sourceTree = "<group>";
		};
		009BDBCF29DC4DC100D0DEEE = {
			isa = PBXGroup;
			children = (
				009BDBDA29DC4DC100D0DEEE /* VK_SwiftUI */,
				009BDBD929DC4DC100D0DEEE /* Products */,
			);
			sourceTree = "<group>";
		};
		009BDBD929DC4DC100D0DEEE /* Products */ = {
			isa = PBXGroup;
			children = (
				009BDBD829DC4DC100D0DEEE /* VK_SwiftUI.app */,
			);
			name = Products;
			sourceTree = "<group>";
		};
		009BDBDA29DC4DC100D0DEEE /* VK_SwiftUI */ = {
			isa = PBXGroup;
			children = (
				009BDBDB29DC4DC100D0DEEE /* VK_SwiftUIApp.swift */,
				009BDBDD29DC4DC100D0DEEE /* ContentView.swift */,
				00E37CC829E6DBCD004E8C49 /* CustomTabBar */,
				0062F20029E44DC900E29A3E /* Helper */,
				00C649C529E40DF000CC8E93 /* LoginScreen */,
				00E37CB329E6CEEB004E8C49 /* Group */,
				00E37CB229E6CEE4004E8C49 /* Friend */,
				00C649C629E40E3E00CC8E93 /* News */,
				009BDBFC29DD6BC900D0DEEE /* CustomCell */,
				009BDBE929DC87F500D0DEEE /* Model */,
				009BDBEC29DC886400D0DEEE /* Service */,
				009BDBDF29DC4DC300D0DEEE /* Assets.xcassets */,
				009BDBE129DC4DC300D0DEEE /* Preview Content */,
			);
			path = VK_SwiftUI;
			sourceTree = "<group>";
		};
		009BDBE129DC4DC300D0DEEE /* Preview Content */ = {
			isa = PBXGroup;
			children = (
				009BDBE229DC4DC300D0DEEE /* Preview Assets.xcassets */,
			);
			path = "Preview Content";
			sourceTree = "<group>";
		};
		009BDBE929DC87F500D0DEEE /* Model */ = {
			isa = PBXGroup;
			children = (
				009BDBEA29DC881000D0DEEE /* User.swift */,
				009BDBF129DC8AE800D0DEEE /* LoginModel.swift */,
				00C649CB29E4199A00CC8E93 /* News.swift */,
				00E37CB829E6CF7A004E8C49 /* Friend.swift */,
				00E37CBA29E6CFC5004E8C49 /* Group.swift */,
				00E37CBC29E6D109004E8C49 /* Array */,
			);
			path = Model;
			sourceTree = "<group>";
		};
		009BDBEC29DC886400D0DEEE /* Service */ = {
			isa = PBXGroup;
			children = (
				009BDBFA29DD6BA600D0DEEE /* Authentication.swift */,
				009BDBED29DC88B400D0DEEE /* APIService.swift */,
			);
			path = Service;
			sourceTree = "<group>";
		};
		009BDBFC29DD6BC900D0DEEE /* CustomCell */ = {
			isa = PBXGroup;
			children = (
				00C649CE29E4249000CC8E93 /* UserHeader */,
				00C649CD29E4248800CC8E93 /* Cell */,
			);
			path = CustomCell;
			sourceTree = "<group>";
		};
		00C649C529E40DF000CC8E93 /* LoginScreen */ = {
			isa = PBXGroup;
			children = (
				009BDBF729DD488400D0DEEE /* LogoView.swift */,
				009BDBF329DC8ECA00D0DEEE /* LoginView.swift */,
			);
			path = LoginScreen;
			sourceTree = "<group>";
		};
		00C649C629E40E3E00CC8E93 /* News */ = {
			isa = PBXGroup;
			children = (
				00C649C729E40E5E00CC8E93 /* NewsTableView.swift */,
			);
			path = News;
			sourceTree = "<group>";
		};
		00C649CD29E4248800CC8E93 /* Cell */ = {
			isa = PBXGroup;
			children = (
				00E37CEE29E7F403004E8C49 /* CollectionViewCell.swift */,
				00C649C329E40DD100CC8E93 /* TableNewsWithText.swift */,
				00E37CC429E6D8A1004E8C49 /* GroupTableCell.swift */,
				00E37CC629E6D8BD004E8C49 /* FriendTableCell.swift */,
			);
			path = Cell;
			sourceTree = "<group>";
		};
		00C649CE29E4249000CC8E93 /* UserHeader */ = {
			isa = PBXGroup;
			children = (
				00C649CF29E424BC00CC8E93 /* UserHeader.swift */,
			);
			path = UserHeader;
			sourceTree = "<group>";
		};
		00E37CB229E6CEE4004E8C49 /* Friend */ = {
			isa = PBXGroup;
			children = (
				00E37CB429E6CF0E004E8C49 /* FriendTableView.swift */,
			);
			path = Friend;
			sourceTree = "<group>";
		};
		00E37CB329E6CEEB004E8C49 /* Group */ = {
			isa = PBXGroup;
			children = (
				00E37CB629E6CF20004E8C49 /* GroupTableView.swift */,
			);
			path = Group;
			sourceTree = "<group>";
		};
		00E37CBC29E6D109004E8C49 /* Array */ = {
			isa = PBXGroup;
			children = (
				00C649D129E4314A00CC8E93 /* NewsArray.swift */,
				00E37CBF29E6D507004E8C49 /* GroupArray.swift */,
				00E37CBD29E6D136004E8C49 /* FriendArray.swift */,
			);
			path = Array;
			sourceTree = "<group>";
		};
		00E37CC829E6DBCD004E8C49 /* CustomTabBar */ = {
			isa = PBXGroup;
			children = (
				00E37CC929E6DBE8004E8C49 /* CustomTabBar.swift */,
				00E37CCB29E6DCC5004E8C49 /* Tab.swift */,
			);
			path = CustomTabBar;
			sourceTree = "<group>";
		};
/* End PBXGroup section */

/* Begin PBXNativeTarget section */
		009BDBD729DC4DC100D0DEEE /* VK_SwiftUI */ = {
			isa = PBXNativeTarget;
			buildConfigurationList = 009BDBE629DC4DC300D0DEEE /* Build configuration list for PBXNativeTarget "VK_SwiftUI" */;
			buildPhases = (
				009BDBD429DC4DC100D0DEEE /* Sources */,
				009BDBD529DC4DC100D0DEEE /* Frameworks */,
				009BDBD629DC4DC100D0DEEE /* Resources */,
			);
			buildRules = (
			);
			dependencies = (
			);
			name = VK_SwiftUI;
			productName = Weather_SwiftUI;
			productReference = 009BDBD829DC4DC100D0DEEE /* VK_SwiftUI.app */;
			productType = "com.apple.product-type.application";
		};
/* End PBXNativeTarget section */

/* Begin PBXProject section */
		009BDBD029DC4DC100D0DEEE /* Project object */ = {
			isa = PBXProject;
			attributes = {
				BuildIndependentTargetsInParallel = 1;
				LastSwiftUpdateCheck = 1430;
				LastUpgradeCheck = 1430;
				TargetAttributes = {
					009BDBD729DC4DC100D0DEEE = {
						CreatedOnToolsVersion = 14.3;
					};
				};
			};
			buildConfigurationList = 009BDBD329DC4DC100D0DEEE /* Build configuration list for PBXProject "VK_SwiftUI" */;
			compatibilityVersion = "Xcode 14.0";
			developmentRegion = en;
			hasScannedForEncodings = 0;
			knownRegions = (
				en,
				Base,
			);
			mainGroup = 009BDBCF29DC4DC100D0DEEE;
			productRefGroup = 009BDBD929DC4DC100D0DEEE /* Products */;
			projectDirPath = "";
			projectRoot = "";
			targets = (
				009BDBD729DC4DC100D0DEEE /* VK_SwiftUI */,
			);
		};
/* End PBXProject section */

/* Begin PBXResourcesBuildPhase section */
		009BDBD629DC4DC100D0DEEE /* Resources */ = {
			isa = PBXResourcesBuildPhase;
			buildActionMask = 2147483647;
			files = (
				009BDBE329DC4DC300D0DEEE /* Preview Assets.xcassets in Resources */,
				009BDBE029DC4DC300D0DEEE /* Assets.xcassets in Resources */,
			);
			runOnlyForDeploymentPostprocessing = 0;
		};
/* End PBXResourcesBuildPhase section */

/* Begin PBXSourcesBuildPhase section */
		009BDBD429DC4DC100D0DEEE /* Sources */ = {
			isa = PBXSourcesBuildPhase;
			buildActionMask = 2147483647;
			files = (
				00C649D229E4314A00CC8E93 /* NewsArray.swift in Sources */,
				009BDBF029DC8A3900D0DEEE /* UIApplication.swift in Sources */,
				00C649CC29E4199A00CC8E93 /* News.swift in Sources */,
				00E37CC029E6D507004E8C49 /* GroupArray.swift in Sources */,
				00E37CCA29E6DBE8004E8C49 /* CustomTabBar.swift in Sources */,
				00E37CBE29E6D136004E8C49 /* FriendArray.swift in Sources */,
				009BDBF829DD488400D0DEEE /* LogoView.swift in Sources */,
				00E37CCC29E6DCC5004E8C49 /* Tab.swift in Sources */,
				0062F20329E44E1800E29A3E /* Image.swift in Sources */,
				009BDBF429DC8ECB00D0DEEE /* LoginView.swift in Sources */,
				00E37CBB29E6CFC5004E8C49 /* Group.swift in Sources */,
				00C649D029E424BC00CC8E93 /* UserHeader.swift in Sources */,
				009BDBFB29DD6BA600D0DEEE /* Authentication.swift in Sources */,
				009BDBDE29DC4DC100D0DEEE /* ContentView.swift in Sources */,
				00C649C429E40DD100CC8E93 /* TableNewsWithText.swift in Sources */,
				00C649C829E40E5E00CC8E93 /* NewsTableView.swift in Sources */,
				00E37CC529E6D8A1004E8C49 /* GroupTableCell.swift in Sources */,
				00E37CB529E6CF0E004E8C49 /* FriendTableView.swift in Sources */,
				009BDBF229DC8AE800D0DEEE /* LoginModel.swift in Sources */,
				009BDBDC29DC4DC100D0DEEE /* VK_SwiftUIApp.swift in Sources */,
				00E37CEF29E7F403004E8C49 /* CollectionViewCell.swift in Sources */,
				00E37CB729E6CF20004E8C49 /* GroupTableView.swift in Sources */,
				00E37CB929E6CF7A004E8C49 /* Friend.swift in Sources */,
				009BDBEE29DC88B400D0DEEE /* APIService.swift in Sources */,
				009BDBEB29DC881000D0DEEE /* User.swift in Sources */,
				00E37CC729E6D8BD004E8C49 /* FriendTableCell.swift in Sources */,
			);
			runOnlyForDeploymentPostprocessing = 0;
		};
/* End PBXSourcesBuildPhase section */

/* Begin XCBuildConfiguration section */
		009BDBE429DC4DC300D0DEEE /* Debug */ = {
			isa = XCBuildConfiguration;
			buildSettings = {
				ALWAYS_SEARCH_USER_PATHS = NO;
				CLANG_ANALYZER_NONNULL = YES;
				CLANG_ANALYZER_NUMBER_OBJECT_CONVERSION = YES_AGGRESSIVE;
				CLANG_CXX_LANGUAGE_STANDARD = "gnu++20";
				CLANG_ENABLE_MODULES = YES;
				CLANG_ENABLE_OBJC_ARC = YES;
				CLANG_ENABLE_OBJC_WEAK = YES;
				CLANG_WARN_BLOCK_CAPTURE_AUTORELEASING = YES;
				CLANG_WARN_BOOL_CONVERSION = YES;
				CLANG_WARN_COMMA = YES;
				CLANG_WARN_CONSTANT_CONVERSION = YES;
				CLANG_WARN_DEPRECATED_OBJC_IMPLEMENTATIONS = YES;
				CLANG_WARN_DIRECT_OBJC_ISA_USAGE = YES_ERROR;
				CLANG_WARN_DOCUMENTATION_COMMENTS = YES;
				CLANG_WARN_EMPTY_BODY = YES;
				CLANG_WARN_ENUM_CONVERSION = YES;
				CLANG_WARN_INFINITE_RECURSION = YES;
				CLANG_WARN_INT_CONVERSION = YES;
				CLANG_WARN_NON_LITERAL_NULL_CONVERSION = YES;
				CLANG_WARN_OBJC_IMPLICIT_RETAIN_SELF = YES;
				CLANG_WARN_OBJC_LITERAL_CONVERSION = YES;
				CLANG_WARN_OBJC_ROOT_CLASS = YES_ERROR;
				CLANG_WARN_QUOTED_INCLUDE_IN_FRAMEWORK_HEADER = YES;
				CLANG_WARN_RANGE_LOOP_ANALYSIS = YES;
				CLANG_WARN_STRICT_PROTOTYPES = YES;
				CLANG_WARN_SUSPICIOUS_MOVE = YES;
				CLANG_WARN_UNGUARDED_AVAILABILITY = YES_AGGRESSIVE;
				CLANG_WARN_UNREACHABLE_CODE = YES;
				CLANG_WARN__DUPLICATE_METHOD_MATCH = YES;
				COPY_PHASE_STRIP = NO;
				DEBUG_INFORMATION_FORMAT = dwarf;
				ENABLE_STRICT_OBJC_MSGSEND = YES;
				ENABLE_TESTABILITY = YES;
				GCC_C_LANGUAGE_STANDARD = gnu11;
				GCC_DYNAMIC_NO_PIC = NO;
				GCC_NO_COMMON_BLOCKS = YES;
				GCC_OPTIMIZATION_LEVEL = 0;
				GCC_PREPROCESSOR_DEFINITIONS = (
					"DEBUG=1",
					"$(inherited)",
				);
				GCC_WARN_64_TO_32_BIT_CONVERSION = YES;
				GCC_WARN_ABOUT_RETURN_TYPE = YES_ERROR;
				GCC_WARN_UNDECLARED_SELECTOR = YES;
				GCC_WARN_UNINITIALIZED_AUTOS = YES_AGGRESSIVE;
				GCC_WARN_UNUSED_FUNCTION = YES;
				GCC_WARN_UNUSED_VARIABLE = YES;
				IPHONEOS_DEPLOYMENT_TARGET = 16.4;
				MTL_ENABLE_DEBUG_INFO = INCLUDE_SOURCE;
				MTL_FAST_MATH = YES;
				ONLY_ACTIVE_ARCH = YES;
				SDKROOT = iphoneos;
				SWIFT_ACTIVE_COMPILATION_CONDITIONS = DEBUG;
				SWIFT_OPTIMIZATION_LEVEL = "-Onone";
			};
			name = Debug;
		};
		009BDBE529DC4DC300D0DEEE /* Release */ = {
			isa = XCBuildConfiguration;
			buildSettings = {
				ALWAYS_SEARCH_USER_PATHS = NO;
				CLANG_ANALYZER_NONNULL = YES;
				CLANG_ANALYZER_NUMBER_OBJECT_CONVERSION = YES_AGGRESSIVE;
				CLANG_CXX_LANGUAGE_STANDARD = "gnu++20";
				CLANG_ENABLE_MODULES = YES;
				CLANG_ENABLE_OBJC_ARC = YES;
				CLANG_ENABLE_OBJC_WEAK = YES;
				CLANG_WARN_BLOCK_CAPTURE_AUTORELEASING = YES;
				CLANG_WARN_BOOL_CONVERSION = YES;
				CLANG_WARN_COMMA = YES;
				CLANG_WARN_CONSTANT_CONVERSION = YES;
				CLANG_WARN_DEPRECATED_OBJC_IMPLEMENTATIONS = YES;
				CLANG_WARN_DIRECT_OBJC_ISA_USAGE = YES_ERROR;
				CLANG_WARN_DOCUMENTATION_COMMENTS = YES;
				CLANG_WARN_EMPTY_BODY = YES;
				CLANG_WARN_ENUM_CONVERSION = YES;
				CLANG_WARN_INFINITE_RECURSION = YES;
				CLANG_WARN_INT_CONVERSION = YES;
				CLANG_WARN_NON_LITERAL_NULL_CONVERSION = YES;
				CLANG_WARN_OBJC_IMPLICIT_RETAIN_SELF = YES;
				CLANG_WARN_OBJC_LITERAL_CONVERSION = YES;
				CLANG_WARN_OBJC_ROOT_CLASS = YES_ERROR;
				CLANG_WARN_QUOTED_INCLUDE_IN_FRAMEWORK_HEADER = YES;
				CLANG_WARN_RANGE_LOOP_ANALYSIS = YES;
				CLANG_WARN_STRICT_PROTOTYPES = YES;
				CLANG_WARN_SUSPICIOUS_MOVE = YES;
				CLANG_WARN_UNGUARDED_AVAILABILITY = YES_AGGRESSIVE;
				CLANG_WARN_UNREACHABLE_CODE = YES;
				CLANG_WARN__DUPLICATE_METHOD_MATCH = YES;
				COPY_PHASE_STRIP = NO;
				DEBUG_INFORMATION_FORMAT = "dwarf-with-dsym";
				ENABLE_NS_ASSERTIONS = NO;
				ENABLE_STRICT_OBJC_MSGSEND = YES;
				GCC_C_LANGUAGE_STANDARD = gnu11;
				GCC_NO_COMMON_BLOCKS = YES;
				GCC_WARN_64_TO_32_BIT_CONVERSION = YES;
				GCC_WARN_ABOUT_RETURN_TYPE = YES_ERROR;
				GCC_WARN_UNDECLARED_SELECTOR = YES;
				GCC_WARN_UNINITIALIZED_AUTOS = YES_AGGRESSIVE;
				GCC_WARN_UNUSED_FUNCTION = YES;
				GCC_WARN_UNUSED_VARIABLE = YES;
				IPHONEOS_DEPLOYMENT_TARGET = 16.4;
				MTL_ENABLE_DEBUG_INFO = NO;
				MTL_FAST_MATH = YES;
				SDKROOT = iphoneos;
				SWIFT_COMPILATION_MODE = wholemodule;
				SWIFT_OPTIMIZATION_LEVEL = "-O";
				VALIDATE_PRODUCT = YES;
			};
			name = Release;
		};
		009BDBE729DC4DC300D0DEEE /* Debug */ = {
			isa = XCBuildConfiguration;
			buildSettings = {
				ASSETCATALOG_COMPILER_APPICON_NAME = AppIcon;
				ASSETCATALOG_COMPILER_GLOBAL_ACCENT_COLOR_NAME = AccentColor;
				CODE_SIGN_STYLE = Automatic;
				CURRENT_PROJECT_VERSION = 1;
				DEVELOPMENT_ASSET_PATHS = "\"VK_SwiftUI/Preview Content\"";
				DEVELOPMENT_TEAM = LFLMJ46Z7V;
				ENABLE_PREVIEWS = YES;
				GENERATE_INFOPLIST_FILE = YES;
				INFOPLIST_KEY_UIApplicationSceneManifest_Generation = YES;
				INFOPLIST_KEY_UIApplicationSupportsIndirectInputEvents = YES;
				INFOPLIST_KEY_UILaunchScreen_Generation = YES;
				INFOPLIST_KEY_UISupportedInterfaceOrientations_iPad = "UIInterfaceOrientationPortrait UIInterfaceOrientationPortraitUpsideDown UIInterfaceOrientationLandscapeLeft UIInterfaceOrientationLandscapeRight";
				INFOPLIST_KEY_UISupportedInterfaceOrientations_iPhone = "UIInterfaceOrientationPortrait UIInterfaceOrientationLandscapeLeft UIInterfaceOrientationLandscapeRight";
				LD_RUNPATH_SEARCH_PATHS = (
					"$(inherited)",
					"@executable_path/Frameworks",
				);
				MARKETING_VERSION = 1.0;
				PRODUCT_BUNDLE_IDENTIFIER = "com.app.Weather-SwiftUI";
				PRODUCT_NAME = "$(TARGET_NAME)";
				SWIFT_EMIT_LOC_STRINGS = YES;
				SWIFT_VERSION = 5.0;
				TARGETED_DEVICE_FAMILY = "1,2";
			};
			name = Debug;
		};
		009BDBE829DC4DC300D0DEEE /* Release */ = {
			isa = XCBuildConfiguration;
			buildSettings = {
				ASSETCATALOG_COMPILER_APPICON_NAME = AppIcon;
				ASSETCATALOG_COMPILER_GLOBAL_ACCENT_COLOR_NAME = AccentColor;
				CODE_SIGN_STYLE = Automatic;
				CURRENT_PROJECT_VERSION = 1;
				DEVELOPMENT_ASSET_PATHS = "\"VK_SwiftUI/Preview Content\"";
				DEVELOPMENT_TEAM = LFLMJ46Z7V;
				ENABLE_PREVIEWS = YES;
				GENERATE_INFOPLIST_FILE = YES;
				INFOPLIST_KEY_UIApplicationSceneManifest_Generation = YES;
				INFOPLIST_KEY_UIApplicationSupportsIndirectInputEvents = YES;
				INFOPLIST_KEY_UILaunchScreen_Generation = YES;
				INFOPLIST_KEY_UISupportedInterfaceOrientations_iPad = "UIInterfaceOrientationPortrait UIInterfaceOrientationPortraitUpsideDown UIInterfaceOrientationLandscapeLeft UIInterfaceOrientationLandscapeRight";
				INFOPLIST_KEY_UISupportedInterfaceOrientations_iPhone = "UIInterfaceOrientationPortrait UIInterfaceOrientationLandscapeLeft UIInterfaceOrientationLandscapeRight";
				LD_RUNPATH_SEARCH_PATHS = (
					"$(inherited)",
					"@executable_path/Frameworks",
				);
				MARKETING_VERSION = 1.0;
				PRODUCT_BUNDLE_IDENTIFIER = "com.app.Weather-SwiftUI";
				PRODUCT_NAME = "$(TARGET_NAME)";
				SWIFT_EMIT_LOC_STRINGS = YES;
				SWIFT_VERSION = 5.0;
				TARGETED_DEVICE_FAMILY = "1,2";
			};
			name = Release;
		};
/* End XCBuildConfiguration section */

/* Begin XCConfigurationList section */
		009BDBD329DC4DC100D0DEEE /* Build configuration list for PBXProject "VK_SwiftUI" */ = {
			isa = XCConfigurationList;
			buildConfigurations = (
				009BDBE429DC4DC300D0DEEE /* Debug */,
				009BDBE529DC4DC300D0DEEE /* Release */,
			);
			defaultConfigurationIsVisible = 0;
			defaultConfigurationName = Release;
		};
		009BDBE629DC4DC300D0DEEE /* Build configuration list for PBXNativeTarget "VK_SwiftUI" */ = {
			isa = XCConfigurationList;
			buildConfigurations = (
				009BDBE729DC4DC300D0DEEE /* Debug */,
				009BDBE829DC4DC300D0DEEE /* Release */,
			);
			defaultConfigurationIsVisible = 0;
			defaultConfigurationName = Release;
		};
/* End XCConfigurationList section */
	};
	rootObject = 009BDBD029DC4DC100D0DEEE /* Project object */;
}
